
Microsoft Visual Studio Solution File, Format Version 12.00
# Visual Studio Version 16
VisualStudioVersion = 16.0.32630.194
MinimumVisualStudioVersion = 10.0.40219.1
Project("{FAE04EC0-301F-11D3-BF4B-00C04F79EFBC}") = "InheritanceExample", "InheritanceExample\InheritanceExample.csproj", "{F57E534D-65E6-424E-9CB0-9AD6B9511645}"
EndProject
Project("{FAE04EC0-301F-11D3-BF4B-00C04F79EFBC}") = "InheritanceExample1", "InheritanceExample1\InheritanceExample1.csproj", "{0FA91C00-1DFC-4AF8-9087-CD735A0BA669}"
EndProject
Project("{FAE04EC0-301F-11D3-BF4B-00C04F79EFBC}") = "Assignment_1", "Assignment_1\Assignment_1.csproj", "{0EA575F8-5112-44A3-A671-C30A24D730A1}"
EndProject
Global
	GlobalSection(SolutionConfigurationPlatforms) = preSolution
		Debug|Any CPU = Debug|Any CPU
		Release|Any CPU = Release|Any CPU
	EndGlobalSection
	GlobalSection(ProjectConfigurationPlatforms) = postSolution
		{F57E534D-65E6-424E-9CB0-9AD6B9511645}.Debug|Any CPU.ActiveCfg = Debug|Any CPU
		{F57E534D-65E6-424E-9CB0-9AD6B9511645}.Debug|Any CPU.Build.0 = Debug|Any CPU
		{F57E534D-65E6-424E-9CB0-9AD6B9511645}.Release|Any CPU.ActiveCfg = Release|Any CPU
		{F57E534D-65E6-424E-9CB0-9AD6B9511645}.Release|Any CPU.Build.0 = Release|Any CPU
		{0FA91C00-1DFC-4AF8-9087-CD735A0BA669}.Debug|Any CPU.ActiveCfg = Debug|Any CPU
		{0FA91C00-1DFC-4AF8-9087-CD735A0BA669}.Debug|Any CPU.Build.0 = Debug|Any CPU
		{0FA91C00-1DFC-4AF8-9087-CD735A0BA669}.Release|Any CPU.ActiveCfg = Release|Any CPU
		{0FA91C00-1DFC-4AF8-9087-CD735A0BA669}.Release|Any CPU.Build.0 = Release|Any CPU
		{0EA575F8-5112-44A3-A671-C30A24D730A1}.Debug|Any CPU.ActiveCfg = Debug|Any CPU
		{0EA575F8-5112-44A3-A671-C30A24D730A1}.Debug|Any CPU.Build.0 = Debug|Any CPU
		{0EA575F8-5112-44A3-A671-C30A24D730A1}.Release|Any CPU.ActiveCfg = Release|Any CPU
		{0EA575F8-5112-44A3-A671-C30A24D730A1}.Release|Any CPU.Build.0 = Release|Any CPU
	EndGlobalSection
	GlobalSection(SolutionProperties) = preSolution
		HideSolutionNode = FALSE
	EndGlobalSection
	GlobalSection(ExtensibilityGlobals) = postSolution
		SolutionGuid = {73D066E1-0054-4CAA-9DB7-E4A30E690B99}
	EndGlobalSection
EndGlobal
